{
  "version": 4,
  "terraform_version": "0.12.18",
  "serial": 39,
  "lineage": "0a9f15fd-3f2e-4770-eca9-6d0a1f4a10fb",
  "outputs": {},
  "resources": [
    {
      "mode": "data",
      "type": "aws_ami",
      "name": "ubuntu",
      "provider": "provider.aws",
      "instances": [
        {
          "schema_version": 0,
          "attributes": {
            "architecture": "x86_64",
            "block_device_mappings": [
              {
                "device_name": "/dev/sda1",
                "ebs": {
                  "delete_on_termination": "true",
                  "encrypted": "false",
                  "iops": "0",
                  "snapshot_id": "snap-040a1a956a9246d77",
                  "volume_size": "8",
                  "volume_type": "gp2"
                },
                "no_device": "",
                "virtual_name": ""
              },
              {
                "device_name": "/dev/sdb",
                "ebs": {},
                "no_device": "",
                "virtual_name": "ephemeral0"
              },
              {
                "device_name": "/dev/sdc",
                "ebs": {},
                "no_device": "",
                "virtual_name": "ephemeral1"
              }
            ],
            "creation_date": "2020-03-24T20:56:31.000Z",
            "description": "Canonical, Ubuntu, 18.04 LTS, amd64 bionic image build on 2020-03-23",
            "executable_users": null,
            "filter": [
              {
                "name": "name",
                "values": [
                  "ubuntu/images/hvm-ssd/ubuntu-bionic-18.04-amd64-server-*"
                ]
              },
              {
                "name": "virtualization-type",
                "values": [
                  "hvm"
                ]
              }
            ],
            "hypervisor": "xen",
            "id": "ami-004d3abe7e5109c79",
            "image_id": "ami-004d3abe7e5109c79",
            "image_location": "099720109477/ubuntu/images/hvm-ssd/ubuntu-bionic-18.04-amd64-server-20200323",
            "image_owner_alias": null,
            "image_type": "machine",
            "kernel_id": null,
            "most_recent": true,
            "name": "ubuntu/images/hvm-ssd/ubuntu-bionic-18.04-amd64-server-20200323",
            "name_regex": null,
            "owner_id": "099720109477",
            "owners": [
              "099720109477"
            ],
            "platform": null,
            "product_codes": [],
            "public": true,
            "ramdisk_id": null,
            "root_device_name": "/dev/sda1",
            "root_device_type": "ebs",
            "root_snapshot_id": "snap-040a1a956a9246d77",
            "sriov_net_support": "simple",
            "state": "available",
            "state_reason": {
              "code": "UNSET",
              "message": "UNSET"
            },
            "tags": {},
            "virtualization_type": "hvm"
          }
        }
      ]
    },
    {
      "mode": "data",
      "type": "aws_partition",
      "name": "current",
      "provider": "provider.aws",
      "instances": [
        {
          "schema_version": 0,
          "attributes": {
            "dns_suffix": "amazonaws.com",
            "id": "2020-03-29 12:16:02.255827 +0000 UTC",
            "partition": "aws"
          }
        }
      ]
    },
    {
      "mode": "managed",
      "type": "aws_iam_instance_profile",
      "name": "store_api",
      "provider": "provider.aws",
      "instances": [
        {
          "schema_version": 0,
          "attributes": {
            "arn": "arn:aws:iam::352425362856:instance-profile/store-api",
            "create_date": "2020-03-29T11:49:01Z",
            "id": "store-api",
            "name": "store-api",
            "name_prefix": null,
            "path": "/",
            "role": "store-api",
            "roles": [
              "store-api"
            ],
            "unique_id": "AIPAVEDRQIWUFP2TL7VJW"
          },
          "private": "bnVsbA==",
          "dependencies": [
            "aws_iam_role.store_api"
          ]
        }
      ]
    },
    {
      "mode": "managed",
      "type": "aws_iam_role",
      "name": "store_api",
      "provider": "provider.aws",
      "instances": [
        {
          "schema_version": 0,
          "attributes": {
            "arn": "arn:aws:iam::352425362856:role/store-api",
            "assume_role_policy": "{\"Version\":\"2012-10-17\",\"Statement\":[{\"Sid\":\"\",\"Effect\":\"Allow\",\"Principal\":{\"Service\":\"ec2.amazonaws.com\"},\"Action\":\"sts:AssumeRole\"}]}",
            "create_date": "2020-03-29T11:48:59Z",
            "description": "",
            "force_detach_policies": false,
            "id": "store-api",
            "max_session_duration": 3600,
            "name": "store-api",
            "name_prefix": null,
            "path": "/",
            "permissions_boundary": null,
            "tags": {},
            "unique_id": "AROAVEDRQIWUCTHVYEHER"
          },
          "private": "bnVsbA=="
        }
      ]
    },
    {
      "mode": "managed",
      "type": "aws_instance",
      "name": "store_api",
      "provider": "provider.aws",
      "instances": [
        {
          "schema_version": 1,
          "attributes": {
            "ami": "ami-004d3abe7e5109c79",
            "arn": "arn:aws:ec2:us-east-2:352425362856:instance/i-02f195ae39376e786",
            "associate_public_ip_address": true,
            "availability_zone": "us-east-2c",
            "cpu_core_count": 1,
            "cpu_threads_per_core": 1,
            "credit_specification": [
              {
                "cpu_credits": "standard"
              }
            ],
            "disable_api_termination": false,
            "ebs_block_device": [],
            "ebs_optimized": false,
            "ephemeral_block_device": [],
            "get_password_data": false,
            "hibernation": false,
            "host_id": null,
            "iam_instance_profile": "store-api",
            "id": "i-02f195ae39376e786",
            "instance_initiated_shutdown_behavior": null,
            "instance_state": "running",
            "instance_type": "t2.nano",
            "ipv6_address_count": 0,
            "ipv6_addresses": [],
            "key_name": "store-api",
            "metadata_options": [
              {
                "http_endpoint": "enabled",
                "http_put_response_hop_limit": 1,
                "http_tokens": "optional"
              }
            ],
            "monitoring": false,
            "network_interface": [],
            "network_interface_id": null,
            "password_data": "",
            "placement_group": "",
            "primary_network_interface_id": "eni-0b88155be2144ef39",
            "private_dns": "ip-172-31-33-91.us-east-2.compute.internal",
            "private_ip": "172.31.33.91",
            "public_dns": "ec2-18-222-191-183.us-east-2.compute.amazonaws.com",
            "public_ip": "18.222.191.183",
            "root_block_device": [
              {
                "delete_on_termination": true,
                "encrypted": false,
                "iops": 100,
                "kms_key_id": "",
                "volume_id": "vol-0be7a53f4181d0c0b",
                "volume_size": 8,
                "volume_type": "gp2"
              }
            ],
            "security_groups": [
              "default"
            ],
            "source_dest_check": true,
            "subnet_id": "subnet-1e09af52",
            "tags": {
              "Name": "store-api"
            },
            "tenancy": "default",
            "timeouts": null,
            "user_data": null,
            "user_data_base64": "IyEvYmluL2Jhc2gKIyBUaGlzIHNob3VsZCBiZSBjb3BpZWQgaW50byB0aGUgc3RvcmUtYXBpLnRmIGxvY2FscyBhZnRlciB1cGRhdGluZy4KCnNldCAtbyBub3Vuc2V0CnNldCAtbyBwaXBlZmFpbAoKUkVMRUFTRV9CVUNLRVQ9InMzOi8vZXhhbXBsZS1iYXplbC1tb25vcmVwby1hcnRpZmFjdHMiClVTRVI9InJvb3QiICMgdXNlcmRhdGEgcnVucyBhcyAncm9vdCcgdXNlcgoKYXB0LWdldCAteSB1cGRhdGUKCiMgSW5zdGFsbCBKYXZhIFJ1bnRpbWUgRW52aXJvbm1lbnQgKEpSRSAxMSkKYXB0LWdldCAteSBpbnN0YWxsIGRlZmF1bHQtamRrCiMgSW5zdGFsbCBQb3N0Z3JlcwphcHQtZ2V0IC15IGluc3RhbGwgcG9zdGdyZXNxbCBwb3N0Z3Jlc3FsLWNvbnRyaWIKIyBJbnN0YWxsIEFXUyBDTEkKYXB0IC15IGluc3RhbGwgYXdzY2xpCgojIFNldHVwIERCCnN1ZG8gLXUgcG9zdGdyZXMgY3JlYXRldXNlciAtcyAkVVNFUgoKY3JlYXRlZGIgYm9va3N0b3JlX2FwaQoKIyDimqDvuI8gVGhpcyBpcyB0ZXJyaWJsZSBzZWN1cml0eSwgYnV0IGl0IHdpbGwgaGF2ZSB0byBkbyBmb3Igbm93LiBUaGVyZSdzIG5vdGhpbmcgb2YgdmFsdWUgaW4gdGhlIERCLgojIFRydXN0IGFsbCBsb2NhbCBjb25uZWN0aW9ucywgbm90IHJlcXVpcmluZyBwYXNzd29yZC4gQXZvaWRzIHRoZSBmb2xsb3dpbmc6CiMgJ29yZy5wb3N0Z3Jlc3FsLnV0aWwuUFNRTEV4Y2VwdGlvbjogVGhlIHNlcnZlciByZXF1ZXN0ZWQgcGFzc3dvcmQtYmFzZWQgYXV0aGVudGljYXRpb24sIGJ1dCBubyBwYXNzd29yZCB3YXMgcHJvdmlkZWQuJwpzdWRvIC11IHBvc3RncmVzIHNlZCAtaSAncy9ob3N0ICAgIGFsbCAgICAgICAgICAgICBhbGwgICAgICAgICAgICAgMTI3LjAuMC4xXC8zMiAgICAgICAgICAgIG1kNS9ob3N0ICAgIGFsbCAgICAgICAgICAgICBhbGwgICAgICAgICAgICAgMTI3LjAuMC4xXC8zMiAgICAgICAgICAgIHRydXN0L2cnIC9ldGMvcG9zdGdyZXNxbC8xMC9tYWluL3BnX2hiYS5jb25mCnNlcnZpY2UgcG9zdGdyZXNxbCByZWxvYWQKCmF3cyBzMyBjcCAiJFJFTEVBU0VfQlVDS0VULzRmMmY4Nzk0OWQ5Y2U2ZjQwNjE3MjY4ZDI1ZGQ2ZWQ2ZDlhOGY0MTcvc3RvcmUtYXBpL3NyYy9tYWluL2phdmEvY29tL2Jvb2svc3RvcmUvYXBpL2RlcGxveWFibGUuamFyIiAiLiIKCiMgUnVuIGphciwgYWRkaW5nICcmJyB0byBydW4gaW4gYmFja2dyb3VuZApqYXZhIC1qYXIgIi4vZGVwbG95YWJsZS5qYXIiICYKIyBUaGUgQVBJIHdpbGwgYmUgYXZhaWxhYmxlIEAgc29tZXRoaW5nIGxpa2UgaHR0cDovL3tFQzIgUHVibGljIEROU306ODA4MCwgZWcuIGh0dHA6Ly9lYzItMy0xNS0xODAtMjMwLnVzLWVhc3QtMi5jb21wdXRlLmFtYXpvbmF3cy5jb206ODA4MAoK",
            "volume_tags": {},
            "vpc_security_group_ids": [
              "sg-95f774f4"
            ]
          },
          "private": "eyJlMmJmYjczMC1lY2FhLTExZTYtOGY4OC0zNDM2M2JjN2M0YzAiOnsiY3JlYXRlIjo2MDAwMDAwMDAwMDAsImRlbGV0ZSI6MTIwMDAwMDAwMDAwMCwidXBkYXRlIjo2MDAwMDAwMDAwMDB9LCJzY2hlbWFfdmVyc2lvbiI6IjEifQ=="
        }
      ]
    }
  ]
}
