{
  "version": 4,
  "terraform_version": "0.12.18",
  "serial": 10,
  "lineage": "0a9f15fd-3f2e-4770-eca9-6d0a1f4a10fb",
  "outputs": {},
  "resources": [
    {
      "mode": "data",
      "type": "aws_ami",
      "name": "ubuntu",
      "provider": "provider.aws",
      "instances": [
        {
          "schema_version": 0,
          "attributes": {
            "architecture": "x86_64",
            "block_device_mappings": [
              {
                "device_name": "/dev/sda1",
                "ebs": {
                  "delete_on_termination": "true",
                  "encrypted": "false",
                  "iops": "0",
                  "snapshot_id": "snap-040a1a956a9246d77",
                  "volume_size": "8",
                  "volume_type": "gp2"
                },
                "no_device": "",
                "virtual_name": ""
              },
              {
                "device_name": "/dev/sdb",
                "ebs": {},
                "no_device": "",
                "virtual_name": "ephemeral0"
              },
              {
                "device_name": "/dev/sdc",
                "ebs": {},
                "no_device": "",
                "virtual_name": "ephemeral1"
              }
            ],
            "creation_date": "2020-03-24T20:56:31.000Z",
            "description": "Canonical, Ubuntu, 18.04 LTS, amd64 bionic image build on 2020-03-23",
            "executable_users": null,
            "filter": [
              {
                "name": "name",
                "values": [
                  "ubuntu/images/hvm-ssd/ubuntu-bionic-18.04-amd64-server-*"
                ]
              },
              {
                "name": "virtualization-type",
                "values": [
                  "hvm"
                ]
              }
            ],
            "hypervisor": "xen",
            "id": "ami-004d3abe7e5109c79",
            "image_id": "ami-004d3abe7e5109c79",
            "image_location": "099720109477/ubuntu/images/hvm-ssd/ubuntu-bionic-18.04-amd64-server-20200323",
            "image_owner_alias": null,
            "image_type": "machine",
            "kernel_id": null,
            "most_recent": true,
            "name": "ubuntu/images/hvm-ssd/ubuntu-bionic-18.04-amd64-server-20200323",
            "name_regex": null,
            "owner_id": "099720109477",
            "owners": [
              "099720109477"
            ],
            "platform": null,
            "product_codes": [],
            "public": true,
            "ramdisk_id": null,
            "root_device_name": "/dev/sda1",
            "root_device_type": "ebs",
            "root_snapshot_id": "snap-040a1a956a9246d77",
            "sriov_net_support": "simple",
            "state": "available",
            "state_reason": {
              "code": "UNSET",
              "message": "UNSET"
            },
            "tags": {},
            "virtualization_type": "hvm"
          }
        }
      ]
    },
    {
      "mode": "data",
      "type": "aws_partition",
      "name": "current",
      "provider": "provider.aws",
      "instances": [
        {
          "schema_version": 0,
          "attributes": {
            "dns_suffix": "amazonaws.com",
            "id": "2020-03-29 10:08:45.930678 +0000 UTC",
            "partition": "aws"
          }
        }
      ]
    },
    {
      "mode": "managed",
      "type": "aws_instance",
      "name": "store_api",
      "provider": "provider.aws",
      "instances": [
        {
          "schema_version": 1,
          "attributes": {
            "ami": "ami-004d3abe7e5109c79",
            "arn": "arn:aws:ec2:us-east-2:352425362856:instance/i-04ff8eb51093f0f95",
            "associate_public_ip_address": true,
            "availability_zone": "us-east-2c",
            "cpu_core_count": 1,
            "cpu_threads_per_core": 1,
            "credit_specification": [
              {
                "cpu_credits": "standard"
              }
            ],
            "disable_api_termination": false,
            "ebs_block_device": [],
            "ebs_optimized": false,
            "ephemeral_block_device": [],
            "get_password_data": false,
            "hibernation": false,
            "host_id": null,
            "iam_instance_profile": "",
            "id": "i-04ff8eb51093f0f95",
            "instance_initiated_shutdown_behavior": null,
            "instance_state": "running",
            "instance_type": "t2.nano",
            "ipv6_address_count": 0,
            "ipv6_addresses": [],
            "key_name": "store-api",
            "metadata_options": [
              {
                "http_endpoint": "enabled",
                "http_put_response_hop_limit": 1,
                "http_tokens": "optional"
              }
            ],
            "monitoring": false,
            "network_interface": [],
            "network_interface_id": null,
            "password_data": "",
            "placement_group": "",
            "primary_network_interface_id": "eni-084f57f258d3499ac",
            "private_dns": "ip-172-31-42-87.us-east-2.compute.internal",
            "private_ip": "172.31.42.87",
            "public_dns": "ec2-18-219-23-200.us-east-2.compute.amazonaws.com",
            "public_ip": "18.219.23.200",
            "root_block_device": [
              {
                "delete_on_termination": true,
                "encrypted": false,
                "iops": 100,
                "kms_key_id": "",
                "volume_id": "vol-007c71454a5540917",
                "volume_size": 8,
                "volume_type": "gp2"
              }
            ],
            "security_groups": [
              "default"
            ],
            "source_dest_check": true,
            "subnet_id": "subnet-1e09af52",
            "tags": {
              "Name": "store-api"
            },
            "tenancy": "default",
            "timeouts": null,
            "user_data": null,
            "user_data_base64": "IyEvYmluL2Jhc2gKIyBUaGlzIHNob3VsZCBiZSBjb3BpZWQgaW50byB0aGUgc3RvcmUtYXBpLnRmIGxvY2FscyBhZnRlciB1cGRhdGluZy4KCiMgSW5zdGFsbCBKYXZhIFJ1bnRpbWUgRW52aXJvbm1lbnQgKEpSRSAxMSkKc3VkbyBhcHQgaW5zdGFsbCBkZWZhdWx0LWpkawojIEluc3RhbGwgUG9zdGdyZXMKc3VkbyBhcHQtZ2V0IGluc3RhbGwgcG9zdGdyZXNxbCBwb3N0Z3Jlc3FsLWNvbnRyaWIKIyBTZXR1cCBEQgpzdWRvIHN1IC0gcG9zdGdyZXMKY3JlYXRldXNlciAtcyB1YnVudHUKc3UgLSB1YnVudHUKY3JlYXRlZGIgYm9va3N0b3JlX2FwaQoKIyDimqDvuI8gVGhpcyBpcyB0ZXJyaWJsZSBzZWN1cml0eSwgYnV0IGl0IHdpbGwgaGF2ZSB0byBkbyBmb3Igbm93LiBUaGVyZSdzIG5vdGhpbmcgb2YgdmFsdWUgaW4gdGhlIERCLgpzdWRvIHN1IC0gcG9zdGdyZXMKIyBUcnVzdCBhbGwgbG9jYWwgY29ubmVjdGlvbnMsIG5vdCByZXF1aXJpbmcgcGFzc3dvcmQuIEF2b2lkcyB0aGUgZm9sbG93aW5nOgojICdvcmcucG9zdGdyZXNxbC51dGlsLlBTUUxFeGNlcHRpb246IFRoZSBzZXJ2ZXIgcmVxdWVzdGVkIHBhc3N3b3JkLWJhc2VkIGF1dGhlbnRpY2F0aW9uLCBidXQgbm8gcGFzc3dvcmQgd2FzIHByb3ZpZGVkLicKc2VkIC1pICdzL2hvc3QgICAgYWxsICAgICAgICAgICAgIGFsbCAgICAgICAgICAgICAxMjcuMC4wLjFcLzMyICAgICAgICAgICAgbWQ1L2hvc3QgICAgYWxsICAgICAgICAgICAgIGFsbCAgICAgICAgICAgICAxMjcuMC4wLjFcLzMyICAgICAgICAgICAgdHJ1c3QvZycgL2V0Yy9wb3N0Z3Jlc3FsLzEwL21haW4vcGdfaGJhLmNvbmYKc3VkbyBzZXJ2aWNlIHBvc3RncmVzcWwgcmVsb2FkCgpzdSAtIHVidW50dQo=",
            "volume_tags": {},
            "vpc_security_group_ids": [
              "sg-95f774f4"
            ]
          },
          "private": "eyJlMmJmYjczMC1lY2FhLTExZTYtOGY4OC0zNDM2M2JjN2M0YzAiOnsiY3JlYXRlIjo2MDAwMDAwMDAwMDAsImRlbGV0ZSI6MTIwMDAwMDAwMDAwMCwidXBkYXRlIjo2MDAwMDAwMDAwMDB9LCJzY2hlbWFfdmVyc2lvbiI6IjEifQ=="
        }
      ]
    }
  ]
}
